
Microsoft Visual Studio Solution File, Format Version 12.00
# Visual Studio Version 17
VisualStudioVersion = 17.3.32929.385
MinimumVisualStudioVersion = 10.0.40219.1
Project("{9A19103F-16F7-4668-BE54-9A1E7A4F7556}") = "Omega_Sudoku", "Omega_Sudoku.csproj", "{3B77304E-48D4-431C-95B7-959E25CCBA7D}"
EndProject
Project("{FAE04EC0-301F-11D3-BF4B-00C04F79EFBC}") = "SudokuTest", "..\SudokuTest\SudokuTest.csproj", "{6549860C-BDA5-4FE5-9205-54898AAE8879}"
EndProject
Global
	GlobalSection(SolutionConfigurationPlatforms) = preSolution
		Debug|Any CPU = Debug|Any CPU
		Release|Any CPU = Release|Any CPU
	EndGlobalSection
	GlobalSection(ProjectConfigurationPlatforms) = postSolution
		{3B77304E-48D4-431C-95B7-959E25CCBA7D}.Debug|Any CPU.ActiveCfg = Debug|Any CPU
		{3B77304E-48D4-431C-95B7-959E25CCBA7D}.Debug|Any CPU.Build.0 = Debug|Any CPU
		{3B77304E-48D4-431C-95B7-959E25CCBA7D}.Release|Any CPU.ActiveCfg = Release|Any CPU
		{3B77304E-48D4-431C-95B7-959E25CCBA7D}.Release|Any CPU.Build.0 = Release|Any CPU
		{6549860C-BDA5-4FE5-9205-54898AAE8879}.Debug|Any CPU.ActiveCfg = Debug|Any CPU
		{6549860C-BDA5-4FE5-9205-54898AAE8879}.Debug|Any CPU.Build.0 = Debug|Any CPU
		{6549860C-BDA5-4FE5-9205-54898AAE8879}.Release|Any CPU.ActiveCfg = Release|Any CPU
		{6549860C-BDA5-4FE5-9205-54898AAE8879}.Release|Any CPU.Build.0 = Release|Any CPU
	EndGlobalSection
	GlobalSection(SolutionProperties) = preSolution
		HideSolutionNode = FALSE
	EndGlobalSection
	GlobalSection(ExtensibilityGlobals) = postSolution
		SolutionGuid = {8839C1D7-D16D-411D-911C-06E4BBAFA62C}
	EndGlobalSection
EndGlobal
